// !$*UTF8*$!
{
	archiveVersion = 1;
	classes = {
	};
	objectVersion = 77;
	objects = {

/* Begin PBXContainerItemProxy section */
		5677244B2DE88BAD00EA6E46 /* PBXContainerItemProxy */ = {
			isa = PBXContainerItemProxy;
			containerPortal = 567724312DE88BAC00EA6E46 /* Project object */;
			proxyType = 1;
			remoteGlobalIDString = 567724382DE88BAC00EA6E46;
			remoteInfo = CineFileApp;
		};
		567724552DE88BAD00EA6E46 /* PBXContainerItemProxy */ = {
			isa = PBXContainerItemProxy;
			containerPortal = 567724312DE88BAC00EA6E46 /* Project object */;
			proxyType = 1;
			remoteGlobalIDString = 567724382DE88BAC00EA6E46;
			remoteInfo = CineFileApp;
		};
/* End PBXContainerItemProxy section */

/* Begin PBXFileReference section */
		567724392DE88BAC00EA6E46 /* CineFileApp.app */ = {isa = PBXFileReference; explicitFileType = wrapper.application; includeInIndex = 0; path = CineFileApp.app; sourceTree = BUILT_PRODUCTS_DIR; };
		5677244A2DE88BAD00EA6E46 /* CineFileAppTests.xctest */ = {isa = PBXFileReference; explicitFileType = wrapper.cfbundle; includeInIndex = 0; path = CineFileAppTests.xctest; sourceTree = BUILT_PRODUCTS_DIR; };
		567724542DE88BAD00EA6E46 /* CineFileAppUITests.xctest */ = {isa = PBXFileReference; explicitFileType = wrapper.cfbundle; includeInIndex = 0; path = CineFileAppUITests.xctest; sourceTree = BUILT_PRODUCTS_DIR; };
/* End PBXFileReference section */

/* Begin PBXFileSystemSynchronizedBuildFileExceptionSet section */
		5677245C2DE88BAD00EA6E46 /* Exceptions for "CineFileApp" folder in "CineFileApp" target */ = {
			isa = PBXFileSystemSynchronizedBuildFileExceptionSet;
			membershipExceptions = (
				Info.plist,
			);
			target = 567724382DE88BAC00EA6E46 /* CineFileApp */;
		};
/* End PBXFileSystemSynchronizedBuildFileExceptionSet section */

/* Begin PBXFileSystemSynchronizedRootGroup section */
		5677243B2DE88BAC00EA6E46 /* CineFileApp */ = {
			isa = PBXFileSystemSynchronizedRootGroup;
			exceptions = (
				5677245C2DE88BAD00EA6E46 /* Exceptions for "CineFileApp" folder in "CineFileApp" target */,
			);
			path = CineFileApp;
			sourceTree = "<group>";
		};
		5677244D2DE88BAD00EA6E46 /* CineFileAppTests */ = {
			isa = PBXFileSystemSynchronizedRootGroup;
			path = CineFileAppTests;
			sourceTree = "<group>";
		};
		567724572DE88BAD00EA6E46 /* CineFileAppUITests */ = {
			isa = PBXFileSystemSynchronizedRootGroup;
			path = CineFileAppUITests;
			sourceTree = "<group>";
		};
/* End PBXFileSystemSynchronizedRootGroup section */

/* Begin PBXFrameworksBuildPhase section */
		567724362DE88BAC00EA6E46 /* Frameworks */ = {
			isa = PBXFrameworksBuildPhase;
			buildActionMask = 2147483647;
			files = (
			);
			runOnlyForDeploymentPostprocessing = 0;
		};
		567724472DE88BAD00EA6E46 /* Frameworks */ = {
			isa = PBXFrameworksBuildPhase;
			buildActionMask = 2147483647;
			files = (
			);
			runOnlyForDeploymentPostprocessing = 0;
		};
		567724512DE88BAD00EA6E46 /* Frameworks */ = {
			isa = PBXFrameworksBuildPhase;
			buildActionMask = 2147483647;
			files = (
			);
			runOnlyForDeploymentPostprocessing = 0;
		};
/* End PBXFrameworksBuildPhase section */

/* Begin PBXGroup section */
		567724302DE88BAC00EA6E46 = {
			isa = PBXGroup;
			children = (
				5677243B2DE88BAC00EA6E46 /* CineFileApp */,
				5677244D2DE88BAD00EA6E46 /* CineFileAppTests */,
				567724572DE88BAD00EA6E46 /* CineFileAppUITests */,
				5677243A2DE88BAC00EA6E46 /* Products */,
			);
			sourceTree = "<group>";
		};
		5677243A2DE88BAC00EA6E46 /* Products */ = {
			isa = PBXGroup;
			children = (
				567724392DE88BAC00EA6E46 /* CineFileApp.app */,
				5677244A2DE88BAD00EA6E46 /* CineFileAppTests.xctest */,
				567724542DE88BAD00EA6E46 /* CineFileAppUITests.xctest */,
			);
			name = Products;
			sourceTree = "<group>";
		};
/* End PBXGroup section */

/* Begin PBXNativeTarget section */
		567724382DE88BAC00EA6E46 /* CineFileApp */ = {
			isa = PBXNativeTarget;
			buildConfigurationList = 5677245D2DE88BAD00EA6E46 /* Build configuration list for PBXNativeTarget "CineFileApp" */;
			buildPhases = (
				567724352DE88BAC00EA6E46 /* Sources */,
				567724362DE88BAC00EA6E46 /* Frameworks */,
				567724372DE88BAC00EA6E46 /* Resources */,
			);
			buildRules = (
			);
			dependencies = (
			);
			fileSystemSynchronizedGroups = (
				5677243B2DE88BAC00EA6E46 /* CineFileApp */,
			);
			name = CineFileApp;
			packageProductDependencies = (
			);
			productName = CineFileApp;
			productReference = 567724392DE88BAC00EA6E46 /* CineFileApp.app */;
			productType = "com.apple.product-type.application";
		};
		567724492DE88BAD00EA6E46 /* CineFileAppTests */ = {
			isa = PBXNativeTarget;
			buildConfigurationList = 567724622DE88BAD00EA6E46 /* Build configuration list for PBXNativeTarget "CineFileAppTests" */;
			buildPhases = (
				567724462DE88BAD00EA6E46 /* Sources */,
				567724472DE88BAD00EA6E46 /* Frameworks */,
				567724482DE88BAD00EA6E46 /* Resources */,
			);
			buildRules = (
			);
			dependencies = (
				5677244C2DE88BAD00EA6E46 /* PBXTargetDependency */,
			);
			fileSystemSynchronizedGroups = (
				5677244D2DE88BAD00EA6E46 /* CineFileAppTests */,
			);
			name = CineFileAppTests;
			packageProductDependencies = (
			);
			productName = CineFileAppTests;
			productReference = 5677244A2DE88BAD00EA6E46 /* CineFileAppTests.xctest */;
			productType = "com.apple.product-type.bundle.unit-test";
		};
		567724532DE88BAD00EA6E46 /* CineFileAppUITests */ = {
			isa = PBXNativeTarget;
			buildConfigurationList = 567724652DE88BAD00EA6E46 /* Build configuration list for PBXNativeTarget "CineFileAppUITests" */;
			buildPhases = (
				567724502DE88BAD00EA6E46 /* Sources */,
				567724512DE88BAD00EA6E46 /* Frameworks */,
				567724522DE88BAD00EA6E46 /* Resources */,
			);
			buildRules = (
			);
			dependencies = (
				567724562DE88BAD00EA6E46 /* PBXTargetDependency */,
			);
			fileSystemSynchronizedGroups = (
				567724572DE88BAD00EA6E46 /* CineFileAppUITests */,
			);
			name = CineFileAppUITests;
			packageProductDependencies = (
			);
			productName = CineFileAppUITests;
			productReference = 567724542DE88BAD00EA6E46 /* CineFileAppUITests.xctest */;
			productType = "com.apple.product-type.bundle.ui-testing";
		};
/* End PBXNativeTarget section */

/* Begin PBXProject section */
		567724312DE88BAC00EA6E46 /* Project object */ = {
			isa = PBXProject;
			attributes = {
				BuildIndependentTargetsInParallel = 1;
				LastSwiftUpdateCheck = 1630;
				LastUpgradeCheck = 1630;
				TargetAttributes = {
					567724382DE88BAC00EA6E46 = {
						CreatedOnToolsVersion = 16.3;
					};
					567724492DE88BAD00EA6E46 = {
						CreatedOnToolsVersion = 16.3;
						TestTargetID = 567724382DE88BAC00EA6E46;
					};
					567724532DE88BAD00EA6E46 = {
						CreatedOnToolsVersion = 16.3;
						TestTargetID = 567724382DE88BAC00EA6E46;
					};
				};
			};
			buildConfigurationList = 567724342DE88BAC00EA6E46 /* Build configuration list for PBXProject "CineFileApp" */;
			developmentRegion = en;
			hasScannedForEncodings = 0;
			knownRegions = (
				en,
				Base,
			);
			mainGroup = 567724302DE88BAC00EA6E46;
			minimizedProjectReferenceProxies = 1;
			preferredProjectObjectVersion = 77;
			productRefGroup = 5677243A2DE88BAC00EA6E46 /* Products */;
			projectDirPath = "";
			projectRoot = "";
			targets = (
				567724382DE88BAC00EA6E46 /* CineFileApp */,
				567724492DE88BAD00EA6E46 /* CineFileAppTests */,
				567724532DE88BAD00EA6E46 /* CineFileAppUITests */,
			);
		};
/* End PBXProject section */

/* Begin PBXResourcesBuildPhase section */
		567724372DE88BAC00EA6E46 /* Resources */ = {
			isa = PBXResourcesBuildPhase;
			buildActionMask = 2147483647;
			files = (
			);
			runOnlyForDeploymentPostprocessing = 0;
		};
		567724482DE88BAD00EA6E46 /* Resources */ = {
			isa = PBXResourcesBuildPhase;
			buildActionMask = 2147483647;
			files = (
			);
			runOnlyForDeploymentPostprocessing = 0;
		};
		567724522DE88BAD00EA6E46 /* Resources */ = {
			isa = PBXResourcesBuildPhase;
			buildActionMask = 2147483647;
			files = (
			);
			runOnlyForDeploymentPostprocessing = 0;
		};
/* End PBXResourcesBuildPhase section */

/* Begin PBXSourcesBuildPhase section */
		567724352DE88BAC00EA6E46 /* Sources */ = {
			isa = PBXSourcesBuildPhase;
			buildActionMask = 2147483647;
			files = (
			);
			runOnlyForDeploymentPostprocessing = 0;
		};
		567724462DE88BAD00EA6E46 /* Sources */ = {
			isa = PBXSourcesBuildPhase;
			buildActionMask = 2147483647;
			files = (
			);
			runOnlyForDeploymentPostprocessing = 0;
		};
		567724502DE88BAD00EA6E46 /* Sources */ = {
			isa = PBXSourcesBuildPhase;
			buildActionMask = 2147483647;
			files = (
			);
			runOnlyForDeploymentPostprocessing = 0;
		};
/* End PBXSourcesBuildPhase section */

/* Begin PBXTargetDependency section */
		5677244C2DE88BAD00EA6E46 /* PBXTargetDependency */ = {
			isa = PBXTargetDependency;
			target = 567724382DE88BAC00EA6E46 /* CineFileApp */;
			targetProxy = 5677244B2DE88BAD00EA6E46 /* PBXContainerItemProxy */;
		};
		567724562DE88BAD00EA6E46 /* PBXTargetDependency */ = {
			isa = PBXTargetDependency;
			target = 567724382DE88BAC00EA6E46 /* CineFileApp */;
			targetProxy = 567724552DE88BAD00EA6E46 /* PBXContainerItemProxy */;
		};
/* End PBXTargetDependency section */

/* Begin XCBuildConfiguration section */
		5677245E2DE88BAD00EA6E46 /* Debug */ = {
			isa = XCBuildConfiguration;
			buildSettings = {
				ASSETCATALOG_COMPILER_APPICON_NAME = AppIcon;
				ASSETCATALOG_COMPILER_GLOBAL_ACCENT_COLOR_NAME = AccentColor;
				CODE_SIGN_ENTITLEMENTS = CineFileApp/CineFileApp.entitlements;
				CODE_SIGN_STYLE = Automatic;
				CURRENT_PROJECT_VERSION = 1;
				ENABLE_PREVIEWS = YES;
				GENERATE_INFOPLIST_FILE = YES;
				INFOPLIST_FILE = CineFileApp/Info.plist;
				INFOPLIST_KEY_UIApplicationSceneManifest_Generation = YES;
				INFOPLIST_KEY_UIApplicationSupportsIndirectInputEvents = YES;
				INFOPLIST_KEY_UILaunchScreen_Generation = YES;
				INFOPLIST_KEY_UISupportedInterfaceOrientations_iPad = "UIInterfaceOrientationPortrait UIInterfaceOrientationPortraitUpsideDown UIInterfaceOrientationLandscapeLeft UIInterfaceOrientationLandscapeRight";
				INFOPLIST_KEY_UISupportedInterfaceOrientations_iPhone = "UIInterfaceOrientationPortrait UIInterfaceOrientationLandscapeLeft UIInterfaceOrientationLandscapeRight";
				LD_RUNPATH_SEARCH_PATHS = (
					"$(inherited)",
					"@executable_path/Frameworks",
				);
				MARKETING_VERSION = 1.0;
				PRODUCT_BUNDLE_IDENTIFIER = apple.CineFileApp;
				PRODUCT_NAME = "$(TARGET_NAME)";
				SWIFT_EMIT_LOC_STRINGS = YES;
				SWIFT_VERSION = 5.0;
				TARGETED_DEVICE_FAMILY = "1,2";
			};
			name = Debug;
		};
		5677245F2DE88BAD00EA6E46 /* Release */ = {
			isa = XCBuildConfiguration;
			buildSettings = {
				ASSETCATALOG_COMPILER_APPICON_NAME = AppIcon;
				ASSETCATALOG_COMPILER_GLOBAL_ACCENT_COLOR_NAME = AccentColor;
				CODE_SIGN_ENTITLEMENTS = CineFileApp/CineFileApp.entitlements;
				CODE_SIGN_STYLE = Automatic;
				CURRENT_PROJECT_VERSION = 1;
				ENABLE_PREVIEWS = YES;
				GENERATE_INFOPLIST_FILE = YES;
				INFOPLIST_FILE = CineFileApp/Info.plist;
				INFOPLIST_KEY_UIApplicationSceneManifest_Generation = YES;
				INFOPLIST_KEY_UIApplicationSupportsIndirectInputEvents = YES;
				INFOPLIST_KEY_UILaunchScreen_Generation = YES;
				INFOPLIST_KEY_UISupportedInterfaceOrientations_iPad = "UIInterfaceOrientationPortrait UIInterfaceOrientationPortraitUpsideDown UIInterfaceOrientationLandscapeLeft UIInterfaceOrientationLandscapeRight";
				INFOPLIST_KEY_UISupportedInterfaceOrientations_iPhone = "UIInterfaceOrientationPortrait UIInterfaceOrientationLandscapeLeft UIInterfaceOrientationLandscapeRight";
				LD_RUNPATH_SEARCH_PATHS = (
					"$(inherited)",
					"@executable_path/Frameworks",
				);
				MARKETING_VERSION = 1.0;
				PRODUCT_BUNDLE_IDENTIFIER = apple.CineFileApp;
				PRODUCT_NAME = "$(TARGET_NAME)";
				SWIFT_EMIT_LOC_STRINGS = YES;
				SWIFT_VERSION = 5.0;
				TARGETED_DEVICE_FAMILY = "1,2";
			};
			name = Release;
		};
		567724602DE88BAD00EA6E46 /* Debug */ = {
			isa = XCBuildConfiguration;
			buildSettings = {
				ALWAYS_SEARCH_USER_PATHS = NO;
				ASSETCATALOG_COMPILER_GENERATE_SWIFT_ASSET_SYMBOL_EXTENSIONS = YES;
				CLANG_ANALYZER_NONNULL = YES;
				CLANG_ANALYZER_NUMBER_OBJECT_CONVERSION = YES_AGGRESSIVE;
				CLANG_CXX_LANGUAGE_STANDARD = "gnu++20";
				CLANG_ENABLE_MODULES = YES;
				CLANG_ENABLE_OBJC_ARC = YES;
				CLANG_ENABLE_OBJC_WEAK = YES;
				CLANG_WARN_BLOCK_CAPTURE_AUTORELEASING = YES;
				CLANG_WARN_BOOL_CONVERSION = YES;
				CLANG_WARN_COMMA = YES;
				CLANG_WARN_CONSTANT_CONVERSION = YES;
				CLANG_WARN_DEPRECATED_OBJC_IMPLEMENTATIONS = YES;
				CLANG_WARN_DIRECT_OBJC_ISA_USAGE = YES_ERROR;
				CLANG_WARN_DOCUMENTATION_COMMENTS = YES;
				CLANG_WARN_EMPTY_BODY = YES;
				CLANG_WARN_ENUM_CONVERSION = YES;
				CLANG_WARN_INFINITE_RECURSION = YES;
				CLANG_WARN_INT_CONVERSION = YES;
				CLANG_WARN_NON_LITERAL_NULL_CONVERSION = YES;
				CLANG_WARN_OBJC_IMPLICIT_RETAIN_SELF = YES;
				CLANG_WARN_OBJC_LITERAL_CONVERSION = YES;
				CLANG_WARN_OBJC_ROOT_CLASS = YES_ERROR;
				CLANG_WARN_QUOTED_INCLUDE_IN_FRAMEWORK_HEADER = YES;
				CLANG_WARN_RANGE_LOOP_ANALYSIS = YES;
				CLANG_WARN_STRICT_PROTOTYPES = YES;
				CLANG_WARN_SUSPICIOUS_MOVE = YES;
				CLANG_WARN_UNGUARDED_AVAILABILITY = YES_AGGRESSIVE;
				CLANG_WARN_UNREACHABLE_CODE = YES;
				CLANG_WARN__DUPLICATE_METHOD_MATCH = YES;
				COPY_PHASE_STRIP = NO;
				DEBUG_INFORMATION_FORMAT = dwarf;
				ENABLE_STRICT_OBJC_MSGSEND = YES;
				ENABLE_TESTABILITY = YES;
				ENABLE_USER_SCRIPT_SANDBOXING = YES;
				GCC_C_LANGUAGE_STANDARD = gnu17;
				GCC_DYNAMIC_NO_PIC = NO;
				GCC_NO_COMMON_BLOCKS = YES;
				GCC_OPTIMIZATION_LEVEL = 0;
				GCC_PREPROCESSOR_DEFINITIONS = (
					"DEBUG=1",
					"$(inherited)",
				);
				GCC_WARN_64_TO_32_BIT_CONVERSION = YES;
				GCC_WARN_ABOUT_RETURN_TYPE = YES_ERROR;
				GCC_WARN_UNDECLARED_SELECTOR = YES;
				GCC_WARN_UNINITIALIZED_AUTOS = YES_AGGRESSIVE;
				GCC_WARN_UNUSED_FUNCTION = YES;
				GCC_WARN_UNUSED_VARIABLE = YES;
				IPHONEOS_DEPLOYMENT_TARGET = 18.4;
				LOCALIZATION_PREFERS_STRING_CATALOGS = YES;
				MTL_ENABLE_DEBUG_INFO = INCLUDE_SOURCE;
				MTL_FAST_MATH = YES;
				ONLY_ACTIVE_ARCH = YES;
				SDKROOT = iphoneos;
				SWIFT_ACTIVE_COMPILATION_CONDITIONS = "DEBUG $(inherited)";
				SWIFT_OPTIMIZATION_LEVEL = "-Onone";
			};
			name = Debug;
		};
		567724612DE88BAD00EA6E46 /* Release */ = {
			isa = XCBuildConfiguration;
			buildSettings = {
				ALWAYS_SEARCH_USER_PATHS = NO;
				ASSETCATALOG_COMPILER_GENERATE_SWIFT_ASSET_SYMBOL_EXTENSIONS = YES;
				CLANG_ANALYZER_NONNULL = YES;
				CLANG_ANALYZER_NUMBER_OBJECT_CONVERSION = YES_AGGRESSIVE;
				CLANG_CXX_LANGUAGE_STANDARD = "gnu++20";
				CLANG_ENABLE_MODULES = YES;
				CLANG_ENABLE_OBJC_ARC = YES;
				CLANG_ENABLE_OBJC_WEAK = YES;
				CLANG_WARN_BLOCK_CAPTURE_AUTORELEASING = YES;
				CLANG_WARN_BOOL_CONVERSION = YES;
				CLANG_WARN_COMMA = YES;
				CLANG_WARN_CONSTANT_CONVERSION = YES;
				CLANG_WARN_DEPRECATED_OBJC_IMPLEMENTATIONS = YES;
				CLANG_WARN_DIRECT_OBJC_ISA_USAGE = YES_ERROR;
				CLANG_WARN_DOCUMENTATION_COMMENTS = YES;
				CLANG_WARN_EMPTY_BODY = YES;
				CLANG_WARN_ENUM_CONVERSION = YES;
				CLANG_WARN_INFINITE_RECURSION = YES;
				CLANG_WARN_INT_CONVERSION = YES;
				CLANG_WARN_NON_LITERAL_NULL_CONVERSION = YES;
				CLANG_WARN_OBJC_IMPLICIT_RETAIN_SELF = YES;
				CLANG_WARN_OBJC_LITERAL_CONVERSION = YES;
				CLANG_WARN_OBJC_ROOT_CLASS = YES_ERROR;
				CLANG_WARN_QUOTED_INCLUDE_IN_FRAMEWORK_HEADER = YES;
				CLANG_WARN_RANGE_LOOP_ANALYSIS = YES;
				CLANG_WARN_STRICT_PROTOTYPES = YES;
				CLANG_WARN_SUSPICIOUS_MOVE = YES;
				CLANG_WARN_UNGUARDED_AVAILABILITY = YES_AGGRESSIVE;
				CLANG_WARN_UNREACHABLE_CODE = YES;
				CLANG_WARN__DUPLICATE_METHOD_MATCH = YES;
				COPY_PHASE_STRIP = NO;
				DEBUG_INFORMATION_FORMAT = "dwarf-with-dsym";
				ENABLE_NS_ASSERTIONS = NO;
				ENABLE_STRICT_OBJC_MSGSEND = YES;
				ENABLE_USER_SCRIPT_SANDBOXING = YES;
				GCC_C_LANGUAGE_STANDARD = gnu17;
				GCC_NO_COMMON_BLOCKS = YES;
				GCC_WARN_64_TO_32_BIT_CONVERSION = YES;
				GCC_WARN_ABOUT_RETURN_TYPE = YES_ERROR;
				GCC_WARN_UNDECLARED_SELECTOR = YES;
				GCC_WARN_UNINITIALIZED_AUTOS = YES_AGGRESSIVE;
				GCC_WARN_UNUSED_FUNCTION = YES;
				GCC_WARN_UNUSED_VARIABLE = YES;
				IPHONEOS_DEPLOYMENT_TARGET = 18.4;
				LOCALIZATION_PREFERS_STRING_CATALOGS = YES;
				MTL_ENABLE_DEBUG_INFO = NO;
				MTL_FAST_MATH = YES;
				SDKROOT = iphoneos;
				SWIFT_COMPILATION_MODE = wholemodule;
				VALIDATE_PRODUCT = YES;
			};
			name = Release;
		};
		567724632DE88BAD00EA6E46 /* Debug */ = {
			isa = XCBuildConfiguration;
			buildSettings = {
				BUNDLE_LOADER = "$(TEST_HOST)";
				CODE_SIGN_STYLE = Automatic;
				CURRENT_PROJECT_VERSION = 1;
				GENERATE_INFOPLIST_FILE = YES;
				IPHONEOS_DEPLOYMENT_TARGET = 18.4;
				MARKETING_VERSION = 1.0;
				PRODUCT_BUNDLE_IDENTIFIER = apple.CineFileAppTests;
				PRODUCT_NAME = "$(TARGET_NAME)";
				SWIFT_EMIT_LOC_STRINGS = NO;
				SWIFT_VERSION = 5.0;
				TARGETED_DEVICE_FAMILY = "1,2";
				TEST_HOST = "$(BUILT_PRODUCTS_DIR)/CineFileApp.app/$(BUNDLE_EXECUTABLE_FOLDER_PATH)/CineFileApp";
			};
			name = Debug;
		};
		567724642DE88BAD00EA6E46 /* Release */ = {
			isa = XCBuildConfiguration;
			buildSettings = {
				BUNDLE_LOADER = "$(TEST_HOST)";
				CODE_SIGN_STYLE = Automatic;
				CURRENT_PROJECT_VERSION = 1;
				GENERATE_INFOPLIST_FILE = YES;
				IPHONEOS_DEPLOYMENT_TARGET = 18.4;
				MARKETING_VERSION = 1.0;
				PRODUCT_BUNDLE_IDENTIFIER = apple.CineFileAppTests;
				PRODUCT_NAME = "$(TARGET_NAME)";
				SWIFT_EMIT_LOC_STRINGS = NO;
				SWIFT_VERSION = 5.0;
				TARGETED_DEVICE_FAMILY = "1,2";
				TEST_HOST = "$(BUILT_PRODUCTS_DIR)/CineFileApp.app/$(BUNDLE_EXECUTABLE_FOLDER_PATH)/CineFileApp";
			};
			name = Release;
		};
		567724662DE88BAD00EA6E46 /* Debug */ = {
			isa = XCBuildConfiguration;
			buildSettings = {
				CODE_SIGN_STYLE = Automatic;
				CURRENT_PROJECT_VERSION = 1;
				GENERATE_INFOPLIST_FILE = YES;
				MARKETING_VERSION = 1.0;
				PRODUCT_BUNDLE_IDENTIFIER = apple.CineFileAppUITests;
				PRODUCT_NAME = "$(TARGET_NAME)";
				SWIFT_EMIT_LOC_STRINGS = NO;
				SWIFT_VERSION = 5.0;
				TARGETED_DEVICE_FAMILY = "1,2";
				TEST_TARGET_NAME = CineFileApp;
			};
			name = Debug;
		};
		567724672DE88BAD00EA6E46 /* Release */ = {
			isa = XCBuildConfiguration;
			buildSettings = {
				CODE_SIGN_STYLE = Automatic;
				CURRENT_PROJECT_VERSION = 1;
				GENERATE_INFOPLIST_FILE = YES;
				MARKETING_VERSION = 1.0;
				PRODUCT_BUNDLE_IDENTIFIER = apple.CineFileAppUITests;
				PRODUCT_NAME = "$(TARGET_NAME)";
				SWIFT_EMIT_LOC_STRINGS = NO;
				SWIFT_VERSION = 5.0;
				TARGETED_DEVICE_FAMILY = "1,2";
				TEST_TARGET_NAME = CineFileApp;
			};
			name = Release;
		};
/* End XCBuildConfiguration section */

/* Begin XCConfigurationList section */
		567724342DE88BAC00EA6E46 /* Build configuration list for PBXProject "CineFileApp" */ = {
			isa = XCConfigurationList;
			buildConfigurations = (
				567724602DE88BAD00EA6E46 /* Debug */,
				567724612DE88BAD00EA6E46 /* Release */,
			);
			defaultConfigurationIsVisible = 0;
			defaultConfigurationName = Release;
		};
		5677245D2DE88BAD00EA6E46 /* Build configuration list for PBXNativeTarget "CineFileApp" */ = {
			isa = XCConfigurationList;
			buildConfigurations = (
				5677245E2DE88BAD00EA6E46 /* Debug */,
				5677245F2DE88BAD00EA6E46 /* Release */,
			);
			defaultConfigurationIsVisible = 0;
			defaultConfigurationName = Release;
		};
		567724622DE88BAD00EA6E46 /* Build configuration list for PBXNativeTarget "CineFileAppTests" */ = {
			isa = XCConfigurationList;
			buildConfigurations = (
				567724632DE88BAD00EA6E46 /* Debug */,
				567724642DE88BAD00EA6E46 /* Release */,
			);
			defaultConfigurationIsVisible = 0;
			defaultConfigurationName = Release;
		};
		567724652DE88BAD00EA6E46 /* Build configuration list for PBXNativeTarget "CineFileAppUITests" */ = {
			isa = XCConfigurationList;
			buildConfigurations = (
				567724662DE88BAD00EA6E46 /* Debug */,
				567724672DE88BAD00EA6E46 /* Release */,
			);
			defaultConfigurationIsVisible = 0;
			defaultConfigurationName = Release;
		};
/* End XCConfigurationList section */
	};
	rootObject = 567724312DE88BAC00EA6E46 /* Project object */;
}
